// !$*UTF8*$!
{
	archiveVersion = 1;
	classes = {
	};
	objectVersion = 46;
	objects = {

/* Begin PBXBuildFile section */
		1EC4B649196D5BB400294594 /* AppDelegate.swift in Sources */ = {isa = PBXBuildFile; fileRef = 1EC4B648196D5BB400294594 /* AppDelegate.swift */; };
		1EC4B64B196D5BB400294594 /* ViewController.swift in Sources */ = {isa = PBXBuildFile; fileRef = 1EC4B64A196D5BB400294594 /* ViewController.swift */; };
		1EC4B64E196D5BB400294594 /* Main.storyboard in Resources */ = {isa = PBXBuildFile; fileRef = 1EC4B64C196D5BB400294594 /* Main.storyboard */; };
		1EC4B650196D5BB400294594 /* Images.xcassets in Resources */ = {isa = PBXBuildFile; fileRef = 1EC4B64F196D5BB400294594 /* Images.xcassets */; };
		1EC4B65C196D5BB400294594 /* XBMCRemoteTests.swift in Sources */ = {isa = PBXBuildFile; fileRef = 1EC4B65B196D5BB400294594 /* XBMCRemoteTests.swift */; };
		1EC4B666196D7D2500294594 /* arrow-circle-o-left.png in Resources */ = {isa = PBXBuildFile; fileRef = 1EC4B665196D7D2500294594 /* arrow-circle-o-left.png */; };
		1EC4B66A196D800900294594 /* arrow-circle-o-down.png in Resources */ = {isa = PBXBuildFile; fileRef = 1EC4B667196D800900294594 /* arrow-circle-o-down.png */; };
		1EC4B66B196D800900294594 /* arrow-circle-o-right.png in Resources */ = {isa = PBXBuildFile; fileRef = 1EC4B668196D800900294594 /* arrow-circle-o-right.png */; };
		1EC4B66C196D800900294594 /* arrow-circle-o-up.png in Resources */ = {isa = PBXBuildFile; fileRef = 1EC4B669196D800900294594 /* arrow-circle-o-up.png */; };
		1EC4B66E196D818A00294594 /* dot-circle-o.png in Resources */ = {isa = PBXBuildFile; fileRef = 1EC4B66D196D818A00294594 /* dot-circle-o.png */; };
		1EC4B675196D9C1800294594 /* circle-o.png in Resources */ = {isa = PBXBuildFile; fileRef = 1EC4B674196D9C1800294594 /* circle-o.png */; };
/* End PBXBuildFile section */

/* Begin PBXContainerItemProxy section */
		1EC4B656196D5BB400294594 /* PBXContainerItemProxy */ = {
			isa = PBXContainerItemProxy;
			containerPortal = 1EC4B63B196D5BB400294594 /* Project object */;
			proxyType = 1;
			remoteGlobalIDString = 1EC4B642196D5BB400294594;
			remoteInfo = "First App";
		};
/* End PBXContainerItemProxy section */

/* Begin PBXFileReference section */
		1EC4B643196D5BB400294594 /* XBMC Remote.app */ = {isa = PBXFileReference; explicitFileType = wrapper.application; includeInIndex = 0; path = "XBMC Remote.app"; sourceTree = BUILT_PRODUCTS_DIR; };
		1EC4B647196D5BB400294594 /* Info.plist */ = {isa = PBXFileReference; lastKnownFileType = text.plist.xml; path = Info.plist; sourceTree = "<group>"; };
		1EC4B648196D5BB400294594 /* AppDelegate.swift */ = {isa = PBXFileReference; lastKnownFileType = sourcecode.swift; path = AppDelegate.swift; sourceTree = "<group>"; };
		1EC4B64A196D5BB400294594 /* ViewController.swift */ = {isa = PBXFileReference; lastKnownFileType = sourcecode.swift; path = ViewController.swift; sourceTree = "<group>"; };
		1EC4B64D196D5BB400294594 /* Base */ = {isa = PBXFileReference; lastKnownFileType = file.storyboard; name = Base; path = Base.lproj/Main.storyboard; sourceTree = "<group>"; };
		1EC4B64F196D5BB400294594 /* Images.xcassets */ = {isa = PBXFileReference; lastKnownFileType = folder.assetcatalog; path = Images.xcassets; sourceTree = "<group>"; };
		1EC4B655196D5BB400294594 /* XBMC RemoteTests.xctest */ = {isa = PBXFileReference; explicitFileType = wrapper.cfbundle; includeInIndex = 0; path = "XBMC RemoteTests.xctest"; sourceTree = BUILT_PRODUCTS_DIR; };
		1EC4B65A196D5BB400294594 /* Info.plist */ = {isa = PBXFileReference; lastKnownFileType = text.plist.xml; path = Info.plist; sourceTree = "<group>"; };
		1EC4B65B196D5BB400294594 /* XBMCRemoteTests.swift */ = {isa = PBXFileReference; lastKnownFileType = sourcecode.swift; path = XBMCRemoteTests.swift; sourceTree = "<group>"; };
		1EC4B665196D7D2500294594 /* arrow-circle-o-left.png */ = {isa = PBXFileReference; lastKnownFileType = image.png; path = "arrow-circle-o-left.png"; sourceTree = "<group>"; };
		1EC4B667196D800900294594 /* arrow-circle-o-down.png */ = {isa = PBXFileReference; lastKnownFileType = image.png; path = "arrow-circle-o-down.png"; sourceTree = "<group>"; };
		1EC4B668196D800900294594 /* arrow-circle-o-right.png */ = {isa = PBXFileReference; lastKnownFileType = image.png; path = "arrow-circle-o-right.png"; sourceTree = "<group>"; };
		1EC4B669196D800900294594 /* arrow-circle-o-up.png */ = {isa = PBXFileReference; lastKnownFileType = image.png; path = "arrow-circle-o-up.png"; sourceTree = "<group>"; };
		1EC4B66D196D818A00294594 /* dot-circle-o.png */ = {isa = PBXFileReference; lastKnownFileType = image.png; path = "dot-circle-o.png"; sourceTree = "<group>"; };
		1EC4B674196D9C1800294594 /* circle-o.png */ = {isa = PBXFileReference; lastKnownFileType = image.png; path = "circle-o.png"; sourceTree = "<group>"; };
/* End PBXFileReference section */

/* Begin PBXFrameworksBuildPhase section */
		1EC4B640196D5BB400294594 /* Frameworks */ = {
			isa = PBXFrameworksBuildPhase;
			buildActionMask = 2147483647;
			files = (
			);
			runOnlyForDeploymentPostprocessing = 0;
		};
		1EC4B652196D5BB400294594 /* Frameworks */ = {
			isa = PBXFrameworksBuildPhase;
			buildActionMask = 2147483647;
			files = (
			);
			runOnlyForDeploymentPostprocessing = 0;
		};
/* End PBXFrameworksBuildPhase section */

/* Begin PBXGroup section */
		1EC4B63A196D5BB400294594 = {
			isa = PBXGroup;
			children = (
				1EC4B645196D5BB400294594 /* XBMC Remote */,
				1EC4B658196D5BB400294594 /* XBMC Remote Tests */,
				1EC4B644196D5BB400294594 /* Products */,
			);
			sourceTree = "<group>";
		};
		1EC4B644196D5BB400294594 /* Products */ = {
			isa = PBXGroup;
			children = (
				1EC4B643196D5BB400294594 /* XBMC Remote.app */,
				1EC4B655196D5BB400294594 /* XBMC RemoteTests.xctest */,
			);
			name = Products;
			sourceTree = "<group>";
		};
		1EC4B645196D5BB400294594 /* XBMC Remote */ = {
			isa = PBXGroup;
			children = (
				1EC4B648196D5BB400294594 /* AppDelegate.swift */,
				1EC4B64A196D5BB400294594 /* ViewController.swift */,
				1EC4B665196D7D2500294594 /* arrow-circle-o-left.png */,
				1EC4B64C196D5BB400294594 /* Main.storyboard */,
				1EC4B674196D9C1800294594 /* circle-o.png */,
				1EC4B66D196D818A00294594 /* dot-circle-o.png */,
				1EC4B667196D800900294594 /* arrow-circle-o-down.png */,
				1EC4B668196D800900294594 /* arrow-circle-o-right.png */,
				1EC4B669196D800900294594 /* arrow-circle-o-up.png */,
				1EC4B64F196D5BB400294594 /* Images.xcassets */,
				1EC4B646196D5BB400294594 /* Supporting Files */,
			);
			name = "XBMC Remote";
			path = "XBMC Remote";
			sourceTree = "<group>";
		};
		1EC4B646196D5BB400294594 /* Supporting Files */ = {
			isa = PBXGroup;
			children = (
				1EC4B647196D5BB400294594 /* Info.plist */,
			);
			name = "Supporting Files";
			sourceTree = "<group>";
		};
		1EC4B658196D5BB400294594 /* XBMC Remote Tests */ = {
			isa = PBXGroup;
			children = (
				1EC4B65B196D5BB400294594 /* XBMCRemoteTests.swift */,
				1EC4B659196D5BB400294594 /* Supporting Files */,
			);
			name = "XBMC Remote Tests";
			path = "XBMC Remote Tests";
			sourceTree = "<group>";
		};
		1EC4B659196D5BB400294594 /* Supporting Files */ = {
			isa = PBXGroup;
			children = (
				1EC4B65A196D5BB400294594 /* Info.plist */,
			);
			name = "Supporting Files";
			sourceTree = "<group>";
		};
/* End PBXGroup section */

/* Begin PBXNativeTarget section */
		1EC4B642196D5BB400294594 /* XBMC Remote */ = {
			isa = PBXNativeTarget;
			buildConfigurationList = 1EC4B65F196D5BB400294594 /* Build configuration list for PBXNativeTarget "XBMC Remote" */;
			buildPhases = (
				1EC4B63F196D5BB400294594 /* Sources */,
				1EC4B640196D5BB400294594 /* Frameworks */,
				1EC4B641196D5BB400294594 /* Resources */,
			);
			buildRules = (
			);
			dependencies = (
			);
			name = "XBMC Remote";
			productName = "XBMC Remote";
			productReference = 1EC4B643196D5BB400294594 /* XBMC Remote.app */;
			productType = "com.apple.product-type.application";
		};
		1EC4B654196D5BB400294594 /* XBMC RemoteTests */ = {
			isa = PBXNativeTarget;
			buildConfigurationList = 1EC4B662196D5BB400294594 /* Build configuration list for PBXNativeTarget "XBMC RemoteTests" */;
			buildPhases = (
				1EC4B651196D5BB400294594 /* Sources */,
				1EC4B652196D5BB400294594 /* Frameworks */,
				1EC4B653196D5BB400294594 /* Resources */,
			);
			buildRules = (
			);
			dependencies = (
				1EC4B657196D5BB400294594 /* PBXTargetDependency */,
			);
			name = "XBMC RemoteTests";
			productName = "XBMC Remote Tests";
			productReference = 1EC4B655196D5BB400294594 /* XBMC RemoteTests.xctest */;
			productType = "com.apple.product-type.bundle.unit-test";
		};
/* End PBXNativeTarget section */

/* Begin PBXProject section */
		1EC4B63B196D5BB400294594 /* Project object */ = {
			isa = PBXProject;
			attributes = {
				LastUpgradeCheck = 0600;
				ORGANIZATIONNAME = "Howard Wilson";
				TargetAttributes = {
					1EC4B642196D5BB400294594 = {
						CreatedOnToolsVersion = 6.0;
						DevelopmentTeam = PR656C24D4;
					};
					1EC4B654196D5BB400294594 = {
						CreatedOnToolsVersion = 6.0;
						TestTargetID = 1EC4B642196D5BB400294594;
					};
				};
			};
			buildConfigurationList = 1EC4B63E196D5BB400294594 /* Build configuration list for PBXProject "XBMC Remote" */;
			compatibilityVersion = "Xcode 3.2";
			developmentRegion = English;
			hasScannedForEncodings = 0;
			knownRegions = (
				en,
				Base,
			);
			mainGroup = 1EC4B63A196D5BB400294594;
			productRefGroup = 1EC4B644196D5BB400294594 /* Products */;
			projectDirPath = "";
			projectRoot = "";
			targets = (
				1EC4B642196D5BB400294594 /* XBMC Remote */,
				1EC4B654196D5BB400294594 /* XBMC RemoteTests */,
			);
		};
/* End PBXProject section */

/* Begin PBXResourcesBuildPhase section */
		1EC4B641196D5BB400294594 /* Resources */ = {
			isa = PBXResourcesBuildPhase;
			buildActionMask = 2147483647;
			files = (
				1EC4B64E196D5BB400294594 /* Main.storyboard in Resources */,
				1EC4B675196D9C1800294594 /* circle-o.png in Resources */,
				1EC4B66A196D800900294594 /* arrow-circle-o-down.png in Resources */,
				1EC4B66C196D800900294594 /* arrow-circle-o-up.png in Resources */,
				1EC4B66B196D800900294594 /* arrow-circle-o-right.png in Resources */,
				1EC4B650196D5BB400294594 /* Images.xcassets in Resources */,
				1EC4B66E196D818A00294594 /* dot-circle-o.png in Resources */,
				1EC4B666196D7D2500294594 /* arrow-circle-o-left.png in Resources */,
			);
			runOnlyForDeploymentPostprocessing = 0;
		};
		1EC4B653196D5BB400294594 /* Resources */ = {
			isa = PBXResourcesBuildPhase;
			buildActionMask = 2147483647;
			files = (
			);
			runOnlyForDeploymentPostprocessing = 0;
		};
/* End PBXResourcesBuildPhase section */

/* Begin PBXSourcesBuildPhase section */
		1EC4B63F196D5BB400294594 /* Sources */ = {
			isa = PBXSourcesBuildPhase;
			buildActionMask = 2147483647;
			files = (
				1EC4B64B196D5BB400294594 /* ViewController.swift in Sources */,
				1EC4B649196D5BB400294594 /* AppDelegate.swift in Sources */,
			);
			runOnlyForDeploymentPostprocessing = 0;
		};
		1EC4B651196D5BB400294594 /* Sources */ = {
			isa = PBXSourcesBuildPhase;
			buildActionMask = 2147483647;
			files = (
				1EC4B65C196D5BB400294594 /* XBMCRemoteTests.swift in Sources */,
			);
			runOnlyForDeploymentPostprocessing = 0;
		};
/* End PBXSourcesBuildPhase section */

/* Begin PBXTargetDependency section */
		1EC4B657196D5BB400294594 /* PBXTargetDependency */ = {
			isa = PBXTargetDependency;
			target = 1EC4B642196D5BB400294594 /* XBMC Remote */;
			targetProxy = 1EC4B656196D5BB400294594 /* PBXContainerItemProxy */;
		};
/* End PBXTargetDependency section */

/* Begin PBXVariantGroup section */
		1EC4B64C196D5BB400294594 /* Main.storyboard */ = {
			isa = PBXVariantGroup;
			children = (
				1EC4B64D196D5BB400294594 /* Base */,
			);
			name = Main.storyboard;
			sourceTree = "<group>";
		};
/* End PBXVariantGroup section */

/* Begin XCBuildConfiguration section */
		1EC4B65D196D5BB400294594 /* Debug */ = {
			isa = XCBuildConfiguration;
			buildSettings = {
				ALWAYS_SEARCH_USER_PATHS = NO;
				CLANG_CXX_LANGUAGE_STANDARD = "gnu++0x";
				CLANG_CXX_LIBRARY = "libc++";
				CLANG_ENABLE_MODULES = YES;
				CLANG_ENABLE_OBJC_ARC = YES;
				CLANG_WARN_BOOL_CONVERSION = YES;
				CLANG_WARN_CONSTANT_CONVERSION = YES;
				CLANG_WARN_DIRECT_OBJC_ISA_USAGE = YES_ERROR;
				CLANG_WARN_EMPTY_BODY = YES;
				CLANG_WARN_ENUM_CONVERSION = YES;
				CLANG_WARN_INT_CONVERSION = YES;
				CLANG_WARN_OBJC_ROOT_CLASS = YES_ERROR;
				CLANG_WARN_UNREACHABLE_CODE = YES;
				CLANG_WARN__DUPLICATE_METHOD_MATCH = YES;
				"CODE_SIGN_IDENTITY[sdk=iphoneos*]" = "iPhone Developer";
				COPY_PHASE_STRIP = NO;
				ENABLE_STRICT_OBJC_MSGSEND = YES;
				GCC_C_LANGUAGE_STANDARD = gnu99;
				GCC_DYNAMIC_NO_PIC = NO;
				GCC_OPTIMIZATION_LEVEL = 0;
				GCC_PREPROCESSOR_DEFINITIONS = (
					"DEBUG=1",
					"$(inherited)",
				);
				GCC_SYMBOLS_PRIVATE_EXTERN = NO;
				GCC_WARN_64_TO_32_BIT_CONVERSION = YES;
				GCC_WARN_ABOUT_RETURN_TYPE = YES_ERROR;
				GCC_WARN_UNDECLARED_SELECTOR = YES;
				GCC_WARN_UNINITIALIZED_AUTOS = YES_AGGRESSIVE;
				GCC_WARN_UNUSED_FUNCTION = YES;
				GCC_WARN_UNUSED_VARIABLE = YES;
				IPHONEOS_DEPLOYMENT_TARGET = 8.0;
				MTL_ENABLE_DEBUG_INFO = YES;
				ONLY_ACTIVE_ARCH = YES;
				SDKROOT = iphoneos;
				SWIFT_OPTIMIZATION_LEVEL = "-Onone";
			};
			name = Debug;
		};
		1EC4B65E196D5BB400294594 /* Release */ = {
			isa = XCBuildConfiguration;
			buildSettings = {
				ALWAYS_SEARCH_USER_PATHS = NO;
				CLANG_CXX_LANGUAGE_STANDARD = "gnu++0x";
				CLANG_CXX_LIBRARY = "libc++";
				CLANG_ENABLE_MODULES = YES;
				CLANG_ENABLE_OBJC_ARC = YES;
				CLANG_WARN_BOOL_CONVERSION = YES;
				CLANG_WARN_CONSTANT_CONVERSION = YES;
				CLANG_WARN_DIRECT_OBJC_ISA_USAGE = YES_ERROR;
				CLANG_WARN_EMPTY_BODY = YES;
				CLANG_WARN_ENUM_CONVERSION = YES;
				CLANG_WARN_INT_CONVERSION = YES;
				CLANG_WARN_OBJC_ROOT_CLASS = YES_ERROR;
				CLANG_WARN_UNREACHABLE_CODE = YES;
				CLANG_WARN__DUPLICATE_METHOD_MATCH = YES;
				"CODE_SIGN_IDENTITY[sdk=iphoneos*]" = "iPhone Developer";
				COPY_PHASE_STRIP = YES;
				ENABLE_NS_ASSERTIONS = NO;
				ENABLE_STRICT_OBJC_MSGSEND = YES;
				GCC_C_LANGUAGE_STANDARD = gnu99;
				GCC_WARN_64_TO_32_BIT_CONVERSION = YES;
				GCC_WARN_ABOUT_RETURN_TYPE = YES_ERROR;
				GCC_WARN_UNDECLARED_SELECTOR = YES;
				GCC_WARN_UNINITIALIZED_AUTOS = YES_AGGRESSIVE;
				GCC_WARN_UNUSED_FUNCTION = YES;
				GCC_WARN_UNUSED_VARIABLE = YES;
				IPHONEOS_DEPLOYMENT_TARGET = 8.0;
				MTL_ENABLE_DEBUG_INFO = NO;
				SDKROOT = iphoneos;
				VALIDATE_PRODUCT = YES;
			};
			name = Release;
		};
		1EC4B660196D5BB400294594 /* Debug */ = {
			isa = XCBuildConfiguration;
			buildSettings = {
				ASSETCATALOG_COMPILER_APPICON_NAME = AppIcon;
				ASSETCATALOG_COMPILER_LAUNCHIMAGE_NAME = LaunchImage;
				INFOPLIST_FILE = "XBMC Remote/Info.plist";
				IPHONEOS_DEPLOYMENT_TARGET = 7.1;
				LD_RUNPATH_SEARCH_PATHS = "$(inherited) @executable_path/Frameworks";
				PRODUCT_NAME = "XBMC Remote";
			};
			name = Debug;
		};
		1EC4B661196D5BB400294594 /* Release */ = {
			isa = XCBuildConfiguration;
			buildSettings = {
				ASSETCATALOG_COMPILER_APPICON_NAME = AppIcon;
				ASSETCATALOG_COMPILER_LAUNCHIMAGE_NAME = LaunchImage;
				INFOPLIST_FILE = "XBMC Remote/Info.plist";
				IPHONEOS_DEPLOYMENT_TARGET = 7.1;
				LD_RUNPATH_SEARCH_PATHS = "$(inherited) @executable_path/Frameworks";
				PRODUCT_NAME = "XBMC Remote";
			};
			name = Release;
		};
		1EC4B663196D5BB400294594 /* Debug */ = {
			isa = XCBuildConfiguration;
			buildSettings = {
				BUNDLE_LOADER = "$(BUILT_PRODUCTS_DIR)/XBMC Remote.app/XBMC Remote";
				FRAMEWORK_SEARCH_PATHS = (
					"$(SDKROOT)/Developer/Library/Frameworks",
					"$(inherited)",
				);
				GCC_PREPROCESSOR_DEFINITIONS = (
					"DEBUG=1",
					"$(inherited)",
				);
				INFOPLIST_FILE = "XBMC Remote Tests/Info.plist";
				LD_RUNPATH_SEARCH_PATHS = "$(inherited) @executable_path/Frameworks @loader_path/Frameworks";
				PRODUCT_NAME = "XBMC RemoteTests";
				TEST_HOST = "$(BUNDLE_LOADER)";
			};
			name = Debug;
		};
		1EC4B664196D5BB400294594 /* Release */ = {
			isa = XCBuildConfiguration;
			buildSettings = {
				BUNDLE_LOADER = "$(BUILT_PRODUCTS_DIR)/XBMC Remote.app/XBMC Remote";
				FRAMEWORK_SEARCH_PATHS = (
					"$(SDKROOT)/Developer/Library/Frameworks",
					"$(inherited)",
				);
				INFOPLIST_FILE = "XBMC Remote Tests/Info.plist";
				LD_RUNPATH_SEARCH_PATHS = "$(inherited) @executable_path/Frameworks @loader_path/Frameworks";
				PRODUCT_NAME = "XBMC RemoteTests";
				TEST_HOST = "$(BUNDLE_LOADER)";
			};
			name = Release;
		};
/* End XCBuildConfiguration section */

/* Begin XCConfigurationList section */
		1EC4B63E196D5BB400294594 /* Build configuration list for PBXProject "XBMC Remote" */ = {
			isa = XCConfigurationList;
			buildConfigurations = (
				1EC4B65D196D5BB400294594 /* Debug */,
				1EC4B65E196D5BB400294594 /* Release */,
			);
			defaultConfigurationIsVisible = 0;
			defaultConfigurationName = Release;
		};
		1EC4B65F196D5BB400294594 /* Build configuration list for PBXNativeTarget "XBMC Remote" */ = {
			isa = XCConfigurationList;
			buildConfigurations = (
				1EC4B660196D5BB400294594 /* Debug */,
				1EC4B661196D5BB400294594 /* Release */,
			);
			defaultConfigurationIsVisible = 0;
		};
		1EC4B662196D5BB400294594 /* Build configuration list for PBXNativeTarget "XBMC RemoteTests" */ = {
			isa = XCConfigurationList;
			buildConfigurations = (
				1EC4B663196D5BB400294594 /* Debug */,
				1EC4B664196D5BB400294594 /* Release */,
			);
			defaultConfigurationIsVisible = 0;
		};
/* End XCConfigurationList section */
	};
	rootObject = 1EC4B63B196D5BB400294594 /* Project object */;
}
